
Microsoft Visual Studio Solution File, Format Version 12.00
# Visual Studio Version 16
VisualStudioVersion = 16.0.31005.135
MinimumVisualStudioVersion = 10.0.40219.1
Project("{FAE04EC0-301F-11D3-BF4B-00C04F79EFBC}") = "VersionControl", "VersionControl.csproj", "{5BEFC8F3-4A10-4E28-A1B3-36AFB79DB8A5}"
EndProject
Global
	GlobalSection(SolutionConfigurationPlatforms) = preSolution
		Debug|Any CPU = Debug|Any CPU
		Release|Any CPU = Release|Any CPU
	EndGlobalSection
	GlobalSection(ProjectConfigurationPlatforms) = postSolution
		{5BEFC8F3-4A10-4E28-A1B3-36AFB79DB8A5}.Debug|Any CPU.ActiveCfg = Debug|Any CPU
		{5BEFC8F3-4A10-4E28-A1B3-36AFB79DB8A5}.Debug|Any CPU.Build.0 = Debug|Any CPU
		{5BEFC8F3-4A10-4E28-A1B3-36AFB79DB8A5}.Release|Any CPU.ActiveCfg = Release|Any CPU
		{5BEFC8F3-4A10-4E28-A1B3-36AFB79DB8A5}.Release|Any CPU.Build.0 = Release|Any CPU
	EndGlobalSection
	GlobalSection(SolutionProperties) = preSolution
		HideSolutionNode = FALSE
	EndGlobalSection
	GlobalSection(ExtensibilityGlobals) = postSolution
		SolutionGuid = {6CFEAAC0-AD13-4D79-884A-0D3C5F4B67AB}
	EndGlobalSection
EndGlobal
