
Microsoft Visual Studio Solution File, Format Version 12.00
# Visual Studio Version 16
VisualStudioVersion = 16.0.31005.135
MinimumVisualStudioVersion = 10.0.40219.1
Project("{FAE04EC0-301F-11D3-BF4B-00C04F79EFBC}") = "RealEstate", "RealEstate.csproj", "{4A760178-9DF2-49B8-977F-7D3FE856C989}"
EndProject
Global
	GlobalSection(SolutionConfigurationPlatforms) = preSolution
		Debug|Any CPU = Debug|Any CPU
		Release|Any CPU = Release|Any CPU
	EndGlobalSection
	GlobalSection(ProjectConfigurationPlatforms) = postSolution
		{4A760178-9DF2-49B8-977F-7D3FE856C989}.Debug|Any CPU.ActiveCfg = Debug|Any CPU
		{4A760178-9DF2-49B8-977F-7D3FE856C989}.Debug|Any CPU.Build.0 = Debug|Any CPU
		{4A760178-9DF2-49B8-977F-7D3FE856C989}.Release|Any CPU.ActiveCfg = Release|Any CPU
		{4A760178-9DF2-49B8-977F-7D3FE856C989}.Release|Any CPU.Build.0 = Release|Any CPU
	EndGlobalSection
	GlobalSection(SolutionProperties) = preSolution
		HideSolutionNode = FALSE
	EndGlobalSection
	GlobalSection(ExtensibilityGlobals) = postSolution
		SolutionGuid = {416507FF-19D0-4483-AA50-F4A955D7905C}
	EndGlobalSection
EndGlobal
