
Microsoft Visual Studio Solution File, Format Version 12.00
# Visual Studio Version 16
VisualStudioVersion = 16.0.31005.135
MinimumVisualStudioVersion = 10.0.40219.1
Project("{FAE04EC0-301F-11D3-BF4B-00C04F79EFBC}") = "Week10", "Week10.csproj", "{B0D31852-0459-4618-BF22-8FFE3560E661}"
EndProject
Global
	GlobalSection(SolutionConfigurationPlatforms) = preSolution
		Debug|Any CPU = Debug|Any CPU
		Release|Any CPU = Release|Any CPU
	EndGlobalSection
	GlobalSection(ProjectConfigurationPlatforms) = postSolution
		{B0D31852-0459-4618-BF22-8FFE3560E661}.Debug|Any CPU.ActiveCfg = Debug|Any CPU
		{B0D31852-0459-4618-BF22-8FFE3560E661}.Debug|Any CPU.Build.0 = Debug|Any CPU
		{B0D31852-0459-4618-BF22-8FFE3560E661}.Release|Any CPU.ActiveCfg = Release|Any CPU
		{B0D31852-0459-4618-BF22-8FFE3560E661}.Release|Any CPU.Build.0 = Release|Any CPU
	EndGlobalSection
	GlobalSection(SolutionProperties) = preSolution
		HideSolutionNode = FALSE
	EndGlobalSection
	GlobalSection(ExtensibilityGlobals) = postSolution
		SolutionGuid = {BD093E0D-EDF5-4789-8216-0E3A8F928C14}
	EndGlobalSection
EndGlobal
